
Microsoft Visual Studio Solution File, Format Version 12.00
# Visual Studio 15
VisualStudioVersion = 15.0.28307.572
MinimumVisualStudioVersion = 10.0.40219.1
Project("{FAE04EC0-301F-11D3-BF4B-00C04F79EFBC}") = "SVGDesign", "SVGDesign\SVGDesign.csproj", "{E16A0095-EEB9-4558-8DA7-7B12ECC59F55}"
EndProject
Project("{FAE04EC0-301F-11D3-BF4B-00C04F79EFBC}") = "SVGDesignService", "SVGDesignService\SVGDesignService.csproj", "{D2385BDD-46BA-425C-BC4E-746434C94625}"
EndProject
Global
	GlobalSection(SolutionConfigurationPlatforms) = preSolution
		Debug|Any CPU = Debug|Any CPU
		Release|Any CPU = Release|Any CPU
	EndGlobalSection
	GlobalSection(ProjectConfigurationPlatforms) = postSolution
		{E16A0095-EEB9-4558-8DA7-7B12ECC59F55}.Debug|Any CPU.ActiveCfg = Debug|Any CPU
		{E16A0095-EEB9-4558-8DA7-7B12ECC59F55}.Debug|Any CPU.Build.0 = Debug|Any CPU
		{E16A0095-EEB9-4558-8DA7-7B12ECC59F55}.Release|Any CPU.ActiveCfg = Release|Any CPU
		{E16A0095-EEB9-4558-8DA7-7B12ECC59F55}.Release|Any CPU.Build.0 = Release|Any CPU
		{D2385BDD-46BA-425C-BC4E-746434C94625}.Debug|Any CPU.ActiveCfg = Debug|Any CPU
		{D2385BDD-46BA-425C-BC4E-746434C94625}.Debug|Any CPU.Build.0 = Debug|Any CPU
		{D2385BDD-46BA-425C-BC4E-746434C94625}.Release|Any CPU.ActiveCfg = Release|Any CPU
		{D2385BDD-46BA-425C-BC4E-746434C94625}.Release|Any CPU.Build.0 = Release|Any CPU
	EndGlobalSection
	GlobalSection(SolutionProperties) = preSolution
		HideSolutionNode = FALSE
	EndGlobalSection
	GlobalSection(ExtensibilityGlobals) = postSolution
		SolutionGuid = {FF131A4C-C957-43CD-8BAD-10BE8497D6D6}
	EndGlobalSection
EndGlobal
